// !$*UTF8*$!
{
	archiveVersion = 1;
	classes = {
	};
	objectVersion = 46;
	objects = {

/* Begin PBXBuildFile section */
		A5DA0919C0368F7CC05ECA62 /* libPods.a in Frameworks */ = {isa = PBXBuildFile; fileRef = C6ACDADA9294C872D0B4909B /* libPods.a */; };
		A70035181A035FBC00B99A24 /* CFNetwork.framework in Frameworks */ = {isa = PBXBuildFile; fileRef = A70035141A035FBC00B99A24 /* CFNetwork.framework */; };
		A70035191A035FBC00B99A24 /* CoreData.framework in Frameworks */ = {isa = PBXBuildFile; fileRef = A70035151A035FBC00B99A24 /* CoreData.framework */; };
		A700351A1A035FBC00B99A24 /* MobileCoreServices.framework in Frameworks */ = {isa = PBXBuildFile; fileRef = A70035161A035FBC00B99A24 /* MobileCoreServices.framework */; };
		A700351B1A035FBC00B99A24 /* SystemConfiguration.framework in Frameworks */ = {isa = PBXBuildFile; fileRef = A70035171A035FBC00B99A24 /* SystemConfiguration.framework */; };
		A7A120B81A0EC0D000059801 /* customCell.m in Sources */ = {isa = PBXBuildFile; fileRef = A7A120B71A0EC0D000059801 /* customCell.m */; };
		A7A121431A1327E500059801 /* userSettings.m in Sources */ = {isa = PBXBuildFile; fileRef = A7A121421A1327E500059801 /* userSettings.m */; };
		A7A1214C1A141BEE00059801 /* snowboarding.jpg in Resources */ = {isa = PBXBuildFile; fileRef = A7A1214B1A141BEE00059801 /* snowboarding.jpg */; };
		A7B13F951A01EBBB002A8517 /* personalUploads.m in Sources */ = {isa = PBXBuildFile; fileRef = A7B13F941A01EBBB002A8517 /* personalUploads.m */; };
		A7D7BB0619FCBFFB0099B70B /* objects.m in Sources */ = {isa = PBXBuildFile; fileRef = A7D7BB0519FCBFFB0099B70B /* objects.m */; };
		A7F591CB19FC641600D06A40 /* main.m in Sources */ = {isa = PBXBuildFile; fileRef = A7F591CA19FC641600D06A40 /* main.m */; };
		A7F591CE19FC641600D06A40 /* AppDelegate.m in Sources */ = {isa = PBXBuildFile; fileRef = A7F591CD19FC641600D06A40 /* AppDelegate.m */; };
		A7F591D419FC641600D06A40 /* Main.storyboard in Resources */ = {isa = PBXBuildFile; fileRef = A7F591D219FC641600D06A40 /* Main.storyboard */; };
		A7F591D619FC641600D06A40 /* Images.xcassets in Resources */ = {isa = PBXBuildFile; fileRef = A7F591D519FC641600D06A40 /* Images.xcassets */; };
		A7F591D919FC641600D06A40 /* LaunchScreen.xib in Resources */ = {isa = PBXBuildFile; fileRef = A7F591D719FC641600D06A40 /* LaunchScreen.xib */; };
		A7F591E519FC641700D06A40 /* thisThatTests.m in Sources */ = {isa = PBXBuildFile; fileRef = A7F591E419FC641700D06A40 /* thisThatTests.m */; };
		A7F591F019FC644B00D06A40 /* master.m in Sources */ = {isa = PBXBuildFile; fileRef = A7F591EF19FC644B00D06A40 /* master.m */; };
		A7F591F319FC64D700D06A40 /* newsFeed.m in Sources */ = {isa = PBXBuildFile; fileRef = A7F591F219FC64D700D06A40 /* newsFeed.m */; };
		A7F591F919FC651F00D06A40 /* upload.m in Sources */ = {isa = PBXBuildFile; fileRef = A7F591F819FC651F00D06A40 /* upload.m */; };
/* End PBXBuildFile section */

/* Begin PBXContainerItemProxy section */
		A7F591DF19FC641600D06A40 /* PBXContainerItemProxy */ = {
			isa = PBXContainerItemProxy;
			containerPortal = A7F591BD19FC641600D06A40 /* Project object */;
			proxyType = 1;
			remoteGlobalIDString = A7F591C419FC641600D06A40;
			remoteInfo = thisThat;
		};
/* End PBXContainerItemProxy section */

/* Begin PBXFileReference section */
		46E891755A1102CEBC93AC3D /* Pods.release.xcconfig */ = {isa = PBXFileReference; includeInIndex = 1; lastKnownFileType = text.xcconfig; name = Pods.release.xcconfig; path = "Pods/Target Support Files/Pods/Pods.release.xcconfig"; sourceTree = "<group>"; };
		7C813E9C6BC7D08BA058DB83 /* Pods.debug.xcconfig */ = {isa = PBXFileReference; includeInIndex = 1; lastKnownFileType = text.xcconfig; name = Pods.debug.xcconfig; path = "Pods/Target Support Files/Pods/Pods.debug.xcconfig"; sourceTree = "<group>"; };
		A70035141A035FBC00B99A24 /* CFNetwork.framework */ = {isa = PBXFileReference; lastKnownFileType = wrapper.framework; name = CFNetwork.framework; path = System/Library/Frameworks/CFNetwork.framework; sourceTree = SDKROOT; };
		A70035151A035FBC00B99A24 /* CoreData.framework */ = {isa = PBXFileReference; lastKnownFileType = wrapper.framework; name = CoreData.framework; path = System/Library/Frameworks/CoreData.framework; sourceTree = SDKROOT; };
		A70035161A035FBC00B99A24 /* MobileCoreServices.framework */ = {isa = PBXFileReference; lastKnownFileType = wrapper.framework; name = MobileCoreServices.framework; path = System/Library/Frameworks/MobileCoreServices.framework; sourceTree = SDKROOT; };
		A70035171A035FBC00B99A24 /* SystemConfiguration.framework */ = {isa = PBXFileReference; lastKnownFileType = wrapper.framework; name = SystemConfiguration.framework; path = System/Library/Frameworks/SystemConfiguration.framework; sourceTree = SDKROOT; };
		A7A120B61A0EC0D000059801 /* customCell.h */ = {isa = PBXFileReference; fileEncoding = 4; lastKnownFileType = sourcecode.c.h; path = customCell.h; sourceTree = "<group>"; };
		A7A120B71A0EC0D000059801 /* customCell.m */ = {isa = PBXFileReference; fileEncoding = 4; lastKnownFileType = sourcecode.c.objc; path = customCell.m; sourceTree = "<group>"; };
		A7A121411A1327E500059801 /* userSettings.h */ = {isa = PBXFileReference; fileEncoding = 4; lastKnownFileType = sourcecode.c.h; path = userSettings.h; sourceTree = "<group>"; };
		A7A121421A1327E500059801 /* userSettings.m */ = {isa = PBXFileReference; fileEncoding = 4; lastKnownFileType = sourcecode.c.objc; path = userSettings.m; sourceTree = "<group>"; };
		A7A1214B1A141BEE00059801 /* snowboarding.jpg */ = {isa = PBXFileReference; lastKnownFileType = image.jpeg; path = snowboarding.jpg; sourceTree = "<group>"; };
		A7B13F931A01EBBB002A8517 /* personalUploads.h */ = {isa = PBXFileReference; fileEncoding = 4; lastKnownFileType = sourcecode.c.h; path = personalUploads.h; sourceTree = "<group>"; };
		A7B13F941A01EBBB002A8517 /* personalUploads.m */ = {isa = PBXFileReference; fileEncoding = 4; lastKnownFileType = sourcecode.c.objc; path = personalUploads.m; sourceTree = "<group>"; };
		A7D7BB0419FCBFFB0099B70B /* objects.h */ = {isa = PBXFileReference; fileEncoding = 4; lastKnownFileType = sourcecode.c.h; path = objects.h; sourceTree = "<group>"; };
		A7D7BB0519FCBFFB0099B70B /* objects.m */ = {isa = PBXFileReference; fileEncoding = 4; lastKnownFileType = sourcecode.c.objc; path = objects.m; sourceTree = "<group>"; };
		A7F591C519FC641600D06A40 /* thisThat.app */ = {isa = PBXFileReference; explicitFileType = wrapper.application; includeInIndex = 0; path = thisThat.app; sourceTree = BUILT_PRODUCTS_DIR; };
		A7F591C919FC641600D06A40 /* Info.plist */ = {isa = PBXFileReference; lastKnownFileType = text.plist.xml; path = Info.plist; sourceTree = "<group>"; };
		A7F591CA19FC641600D06A40 /* main.m */ = {isa = PBXFileReference; lastKnownFileType = sourcecode.c.objc; path = main.m; sourceTree = "<group>"; };
		A7F591CC19FC641600D06A40 /* AppDelegate.h */ = {isa = PBXFileReference; lastKnownFileType = sourcecode.c.h; path = AppDelegate.h; sourceTree = "<group>"; };
		A7F591CD19FC641600D06A40 /* AppDelegate.m */ = {isa = PBXFileReference; lastKnownFileType = sourcecode.c.objc; path = AppDelegate.m; sourceTree = "<group>"; };
		A7F591D319FC641600D06A40 /* Base */ = {isa = PBXFileReference; lastKnownFileType = file.storyboard; name = Base; path = Base.lproj/Main.storyboard; sourceTree = "<group>"; };
		A7F591D519FC641600D06A40 /* Images.xcassets */ = {isa = PBXFileReference; lastKnownFileType = folder.assetcatalog; path = Images.xcassets; sourceTree = "<group>"; };
		A7F591D819FC641600D06A40 /* Base */ = {isa = PBXFileReference; lastKnownFileType = file.xib; name = Base; path = Base.lproj/LaunchScreen.xib; sourceTree = "<group>"; };
		A7F591DE19FC641600D06A40 /* thisThatTests.xctest */ = {isa = PBXFileReference; explicitFileType = wrapper.cfbundle; includeInIndex = 0; path = thisThatTests.xctest; sourceTree = BUILT_PRODUCTS_DIR; };
		A7F591E319FC641700D06A40 /* Info.plist */ = {isa = PBXFileReference; lastKnownFileType = text.plist.xml; path = Info.plist; sourceTree = "<group>"; };
		A7F591E419FC641700D06A40 /* thisThatTests.m */ = {isa = PBXFileReference; lastKnownFileType = sourcecode.c.objc; path = thisThatTests.m; sourceTree = "<group>"; };
		A7F591EE19FC644B00D06A40 /* master.h */ = {isa = PBXFileReference; fileEncoding = 4; lastKnownFileType = sourcecode.c.h; name = master.h; path = ../master.h; sourceTree = "<group>"; };
		A7F591EF19FC644B00D06A40 /* master.m */ = {isa = PBXFileReference; fileEncoding = 4; lastKnownFileType = sourcecode.c.objc; name = master.m; path = ../master.m; sourceTree = "<group>"; };
		A7F591F119FC64D700D06A40 /* newsFeed.h */ = {isa = PBXFileReference; fileEncoding = 4; lastKnownFileType = sourcecode.c.h; path = newsFeed.h; sourceTree = "<group>"; };
		A7F591F219FC64D700D06A40 /* newsFeed.m */ = {isa = PBXFileReference; fileEncoding = 4; lastKnownFileType = sourcecode.c.objc; path = newsFeed.m; sourceTree = "<group>"; };
		A7F591F719FC651F00D06A40 /* upload.h */ = {isa = PBXFileReference; fileEncoding = 4; lastKnownFileType = sourcecode.c.h; path = upload.h; sourceTree = "<group>"; };
		A7F591F819FC651F00D06A40 /* upload.m */ = {isa = PBXFileReference; fileEncoding = 4; lastKnownFileType = sourcecode.c.objc; path = upload.m; sourceTree = "<group>"; };
		B5B5F7A01A003C5A00630845 /* constants.h */ = {isa = PBXFileReference; lastKnownFileType = sourcecode.c.h; path = constants.h; sourceTree = "<group>"; };
		C6ACDADA9294C872D0B4909B /* libPods.a */ = {isa = PBXFileReference; explicitFileType = archive.ar; includeInIndex = 0; path = libPods.a; sourceTree = BUILT_PRODUCTS_DIR; };
/* End PBXFileReference section */

/* Begin PBXFrameworksBuildPhase section */
		A7F591C219FC641600D06A40 /* Frameworks */ = {
			isa = PBXFrameworksBuildPhase;
			buildActionMask = 2147483647;
			files = (
				A70035181A035FBC00B99A24 /* CFNetwork.framework in Frameworks */,
				A70035191A035FBC00B99A24 /* CoreData.framework in Frameworks */,
				A700351A1A035FBC00B99A24 /* MobileCoreServices.framework in Frameworks */,
				A700351B1A035FBC00B99A24 /* SystemConfiguration.framework in Frameworks */,
				A5DA0919C0368F7CC05ECA62 /* libPods.a in Frameworks */,
			);
			runOnlyForDeploymentPostprocessing = 0;
		};
		A7F591DB19FC641600D06A40 /* Frameworks */ = {
			isa = PBXFrameworksBuildPhase;
			buildActionMask = 2147483647;
			files = (
			);
			runOnlyForDeploymentPostprocessing = 0;
		};
/* End PBXFrameworksBuildPhase section */

/* Begin PBXGroup section */
		359EF496003F934EB004B342 /* Frameworks */ = {
			isa = PBXGroup;
			children = (
				A70035141A035FBC00B99A24 /* CFNetwork.framework */,
				A70035151A035FBC00B99A24 /* CoreData.framework */,
				A70035161A035FBC00B99A24 /* MobileCoreServices.framework */,
				A70035171A035FBC00B99A24 /* SystemConfiguration.framework */,
				C6ACDADA9294C872D0B4909B /* libPods.a */,
			);
			name = Frameworks;
			sourceTree = "<group>";
		};
		A7F591BC19FC641600D06A40 = {
			isa = PBXGroup;
			children = (
				A7F591C719FC641600D06A40 /* thisThat */,
				A7F591E119FC641600D06A40 /* thisThatTests */,
				A7F591C619FC641600D06A40 /* Products */,
				B1583EE2D14960B5F08742FA /* Pods */,
				359EF496003F934EB004B342 /* Frameworks */,
			);
			sourceTree = "<group>";
		};
		A7F591C619FC641600D06A40 /* Products */ = {
			isa = PBXGroup;
			children = (
				A7F591C519FC641600D06A40 /* thisThat.app */,
				A7F591DE19FC641600D06A40 /* thisThatTests.xctest */,
			);
			name = Products;
			sourceTree = "<group>";
		};
		A7F591C719FC641600D06A40 /* thisThat */ = {
			isa = PBXGroup;
			children = (
				A7F591CC19FC641600D06A40 /* AppDelegate.h */,
				A7F591CD19FC641600D06A40 /* AppDelegate.m */,
				A7F591D219FC641600D06A40 /* Main.storyboard */,
				A7A121411A1327E500059801 /* userSettings.h */,
				A7A121421A1327E500059801 /* userSettings.m */,
				A7B13F931A01EBBB002A8517 /* personalUploads.h */,
				A7B13F941A01EBBB002A8517 /* personalUploads.m */,
				A7A120B61A0EC0D000059801 /* customCell.h */,
				A7A120B71A0EC0D000059801 /* customCell.m */,
				A7F591F719FC651F00D06A40 /* upload.h */,
				A7F591F819FC651F00D06A40 /* upload.m */,
				A7F591F119FC64D700D06A40 /* newsFeed.h */,
				A7F591F219FC64D700D06A40 /* newsFeed.m */,
				B5B5F7A01A003C5A00630845 /* constants.h */,
				A7D7BB0419FCBFFB0099B70B /* objects.h */,
				A7D7BB0519FCBFFB0099B70B /* objects.m */,
				A7F591EE19FC644B00D06A40 /* master.h */,
				A7F591EF19FC644B00D06A40 /* master.m */,
				A7F591D519FC641600D06A40 /* Images.xcassets */,
				A7A1214B1A141BEE00059801 /* snowboarding.jpg */,
				A7F591D719FC641600D06A40 /* LaunchScreen.xib */,
				A7F591C819FC641600D06A40 /* Supporting Files */,
			);
			path = thisThat;
			sourceTree = "<group>";
		};
		A7F591C819FC641600D06A40 /* Supporting Files */ = {
			isa = PBXGroup;
			children = (
				A7F591C919FC641600D06A40 /* Info.plist */,
				A7F591CA19FC641600D06A40 /* main.m */,
			);
			name = "Supporting Files";
			sourceTree = "<group>";
		};
		A7F591E119FC641600D06A40 /* thisThatTests */ = {
			isa = PBXGroup;
			children = (
				A7F591E419FC641700D06A40 /* thisThatTests.m */,
				A7F591E219FC641700D06A40 /* Supporting Files */,
			);
			path = thisThatTests;
			sourceTree = "<group>";
		};
		A7F591E219FC641700D06A40 /* Supporting Files */ = {
			isa = PBXGroup;
			children = (
				A7F591E319FC641700D06A40 /* Info.plist */,
			);
			name = "Supporting Files";
			sourceTree = "<group>";
		};
		B1583EE2D14960B5F08742FA /* Pods */ = {
			isa = PBXGroup;
			children = (
				7C813E9C6BC7D08BA058DB83 /* Pods.debug.xcconfig */,
				46E891755A1102CEBC93AC3D /* Pods.release.xcconfig */,
			);
			name = Pods;
			sourceTree = "<group>";
		};
/* End PBXGroup section */

/* Begin PBXNativeTarget section */
		A7F591C419FC641600D06A40 /* thisThat */ = {
			isa = PBXNativeTarget;
			buildConfigurationList = A7F591E819FC641700D06A40 /* Build configuration list for PBXNativeTarget "thisThat" */;
			buildPhases = (
				B96BCF096C712BD0ACB813E0 /* Check Pods Manifest.lock */,
				A7F591C119FC641600D06A40 /* Sources */,
				A7F591C219FC641600D06A40 /* Frameworks */,
				A7F591C319FC641600D06A40 /* Resources */,
				44F9404AE69C830CBF5C075E /* Copy Pods Resources */,
			);
			buildRules = (
			);
			dependencies = (
			);
			name = thisThat;
			productName = thisThat;
			productReference = A7F591C519FC641600D06A40 /* thisThat.app */;
			productType = "com.apple.product-type.application";
		};
		A7F591DD19FC641600D06A40 /* thisThatTests */ = {
			isa = PBXNativeTarget;
			buildConfigurationList = A7F591EB19FC641700D06A40 /* Build configuration list for PBXNativeTarget "thisThatTests" */;
			buildPhases = (
				A7F591DA19FC641600D06A40 /* Sources */,
				A7F591DB19FC641600D06A40 /* Frameworks */,
				A7F591DC19FC641600D06A40 /* Resources */,
			);
			buildRules = (
			);
			dependencies = (
				A7F591E019FC641600D06A40 /* PBXTargetDependency */,
			);
			name = thisThatTests;
			productName = thisThatTests;
			productReference = A7F591DE19FC641600D06A40 /* thisThatTests.xctest */;
			productType = "com.apple.product-type.bundle.unit-test";
		};
/* End PBXNativeTarget section */

/* Begin PBXProject section */
		A7F591BD19FC641600D06A40 /* Project object */ = {
			isa = PBXProject;
			attributes = {
				LastUpgradeCheck = 0600;
				ORGANIZATIONNAME = "James Connerton";
				TargetAttributes = {
					A7F591C419FC641600D06A40 = {
						CreatedOnToolsVersion = 6.0.1;
					};
					A7F591DD19FC641600D06A40 = {
						CreatedOnToolsVersion = 6.0.1;
						TestTargetID = A7F591C419FC641600D06A40;
					};
				};
			};
			buildConfigurationList = A7F591C019FC641600D06A40 /* Build configuration list for PBXProject "thisThat" */;
			compatibilityVersion = "Xcode 3.2";
			developmentRegion = English;
			hasScannedForEncodings = 0;
			knownRegions = (
				en,
				Base,
			);
			mainGroup = A7F591BC19FC641600D06A40;
			productRefGroup = A7F591C619FC641600D06A40 /* Products */;
			projectDirPath = "";
			projectRoot = "";
			targets = (
				A7F591C419FC641600D06A40 /* thisThat */,
				A7F591DD19FC641600D06A40 /* thisThatTests */,
			);
		};
/* End PBXProject section */

/* Begin PBXResourcesBuildPhase section */
		A7F591C319FC641600D06A40 /* Resources */ = {
			isa = PBXResourcesBuildPhase;
			buildActionMask = 2147483647;
			files = (
				A7A1214C1A141BEE00059801 /* snowboarding.jpg in Resources */,
				A7F591D419FC641600D06A40 /* Main.storyboard in Resources */,
				A7F591D919FC641600D06A40 /* LaunchScreen.xib in Resources */,
				A7F591D619FC641600D06A40 /* Images.xcassets in Resources */,
			);
			runOnlyForDeploymentPostprocessing = 0;
		};
		A7F591DC19FC641600D06A40 /* Resources */ = {
			isa = PBXResourcesBuildPhase;
			buildActionMask = 2147483647;
			files = (
			);
			runOnlyForDeploymentPostprocessing = 0;
		};
/* End PBXResourcesBuildPhase section */

/* Begin PBXShellScriptBuildPhase section */
		44F9404AE69C830CBF5C075E /* Copy Pods Resources */ = {
			isa = PBXShellScriptBuildPhase;
			buildActionMask = 2147483647;
			files = (
			);
			inputPaths = (
			);
			name = "Copy Pods Resources";
			outputPaths = (
			);
			runOnlyForDeploymentPostprocessing = 0;
			shellPath = /bin/sh;
			shellScript = "\"${SRCROOT}/Pods/Target Support Files/Pods/Pods-resources.sh\"\n";
			showEnvVarsInLog = 0;
		};
		B96BCF096C712BD0ACB813E0 /* Check Pods Manifest.lock */ = {
			isa = PBXShellScriptBuildPhase;
			buildActionMask = 2147483647;
			files = (
			);
			inputPaths = (
			);
			name = "Check Pods Manifest.lock";
			outputPaths = (
			);
			runOnlyForDeploymentPostprocessing = 0;
			shellPath = /bin/sh;
			shellScript = "diff \"${PODS_ROOT}/../Podfile.lock\" \"${PODS_ROOT}/Manifest.lock\" > /dev/null\nif [[ $? != 0 ]] ; then\n    cat << EOM\nerror: The sandbox is not in sync with the Podfile.lock. Run 'pod install' or update your CocoaPods installation.\nEOM\n    exit 1\nfi\n";
			showEnvVarsInLog = 0;
		};
/* End PBXShellScriptBuildPhase section */

/* Begin PBXSourcesBuildPhase section */
		A7F591C119FC641600D06A40 /* Sources */ = {
			isa = PBXSourcesBuildPhase;
			buildActionMask = 2147483647;
			files = (
				A7F591F019FC644B00D06A40 /* master.m in Sources */,
				A7A121431A1327E500059801 /* userSettings.m in Sources */,
				A7B13F951A01EBBB002A8517 /* personalUploads.m in Sources */,
				A7A120B81A0EC0D000059801 /* customCell.m in Sources */,
				A7D7BB0619FCBFFB0099B70B /* objects.m in Sources */,
				A7F591CE19FC641600D06A40 /* AppDelegate.m in Sources */,
				A7F591F319FC64D700D06A40 /* newsFeed.m in Sources */,
				A7F591CB19FC641600D06A40 /* main.m in Sources */,
				A7F591F919FC651F00D06A40 /* upload.m in Sources */,
			);
			runOnlyForDeploymentPostprocessing = 0;
		};
		A7F591DA19FC641600D06A40 /* Sources */ = {
			isa = PBXSourcesBuildPhase;
			buildActionMask = 2147483647;
			files = (
				A7F591E519FC641700D06A40 /* thisThatTests.m in Sources */,
			);
			runOnlyForDeploymentPostprocessing = 0;
		};
/* End PBXSourcesBuildPhase section */

/* Begin PBXTargetDependency section */
		A7F591E019FC641600D06A40 /* PBXTargetDependency */ = {
			isa = PBXTargetDependency;
			target = A7F591C419FC641600D06A40 /* thisThat */;
			targetProxy = A7F591DF19FC641600D06A40 /* PBXContainerItemProxy */;
		};
/* End PBXTargetDependency section */

/* Begin PBXVariantGroup section */
		A7F591D219FC641600D06A40 /* Main.storyboard */ = {
			isa = PBXVariantGroup;
			children = (
				A7F591D319FC641600D06A40 /* Base */,
			);
			name = Main.storyboard;
			sourceTree = "<group>";
		};
		A7F591D719FC641600D06A40 /* LaunchScreen.xib */ = {
			isa = PBXVariantGroup;
			children = (
				A7F591D819FC641600D06A40 /* Base */,
			);
			name = LaunchScreen.xib;
			sourceTree = "<group>";
		};
/* End PBXVariantGroup section */

/* Begin XCBuildConfiguration section */
		A7F591E619FC641700D06A40 /* Debug */ = {
			isa = XCBuildConfiguration;
			buildSettings = {
				ALWAYS_SEARCH_USER_PATHS = NO;
				CLANG_CXX_LANGUAGE_STANDARD = "gnu++0x";
				CLANG_CXX_LIBRARY = "libc++";
				CLANG_ENABLE_MODULES = YES;
				CLANG_ENABLE_OBJC_ARC = YES;
				CLANG_WARN_BOOL_CONVERSION = YES;
				CLANG_WARN_CONSTANT_CONVERSION = YES;
				CLANG_WARN_DIRECT_OBJC_ISA_USAGE = YES_ERROR;
				CLANG_WARN_EMPTY_BODY = YES;
				CLANG_WARN_ENUM_CONVERSION = YES;
				CLANG_WARN_INT_CONVERSION = YES;
				CLANG_WARN_OBJC_ROOT_CLASS = YES_ERROR;
				CLANG_WARN_UNREACHABLE_CODE = YES;
				CLANG_WARN__DUPLICATE_METHOD_MATCH = YES;
				"CODE_SIGN_IDENTITY[sdk=iphoneos*]" = "iPhone Developer";
				COPY_PHASE_STRIP = NO;
				ENABLE_STRICT_OBJC_MSGSEND = YES;
				GCC_C_LANGUAGE_STANDARD = gnu99;
				GCC_DYNAMIC_NO_PIC = NO;
				GCC_OPTIMIZATION_LEVEL = 0;
				GCC_PREPROCESSOR_DEFINITIONS = (
					"DEBUG=1",
					"$(inherited)",
				);
				GCC_SYMBOLS_PRIVATE_EXTERN = NO;
				GCC_WARN_64_TO_32_BIT_CONVERSION = YES;
				GCC_WARN_ABOUT_RETURN_TYPE = YES_ERROR;
				GCC_WARN_UNDECLARED_SELECTOR = YES;
				GCC_WARN_UNINITIALIZED_AUTOS = YES_AGGRESSIVE;
				GCC_WARN_UNUSED_FUNCTION = YES;
				GCC_WARN_UNUSED_VARIABLE = YES;
				IPHONEOS_DEPLOYMENT_TARGET = 7.0;
				MTL_ENABLE_DEBUG_INFO = YES;
				ONLY_ACTIVE_ARCH = YES;
				SDKROOT = iphoneos;
			};
			name = Debug;
		};
		A7F591E719FC641700D06A40 /* Release */ = {
			isa = XCBuildConfiguration;
			buildSettings = {
				ALWAYS_SEARCH_USER_PATHS = NO;
				CLANG_CXX_LANGUAGE_STANDARD = "gnu++0x";
				CLANG_CXX_LIBRARY = "libc++";
				CLANG_ENABLE_MODULES = YES;
				CLANG_ENABLE_OBJC_ARC = YES;
				CLANG_WARN_BOOL_CONVERSION = YES;
				CLANG_WARN_CONSTANT_CONVERSION = YES;
				CLANG_WARN_DIRECT_OBJC_ISA_USAGE = YES_ERROR;
				CLANG_WARN_EMPTY_BODY = YES;
				CLANG_WARN_ENUM_CONVERSION = YES;
				CLANG_WARN_INT_CONVERSION = YES;
				CLANG_WARN_OBJC_ROOT_CLASS = YES_ERROR;
				CLANG_WARN_UNREACHABLE_CODE = YES;
				CLANG_WARN__DUPLICATE_METHOD_MATCH = YES;
				"CODE_SIGN_IDENTITY[sdk=iphoneos*]" = "iPhone Developer";
				COPY_PHASE_STRIP = YES;
				ENABLE_NS_ASSERTIONS = NO;
				ENABLE_STRICT_OBJC_MSGSEND = YES;
				GCC_C_LANGUAGE_STANDARD = gnu99;
				GCC_WARN_64_TO_32_BIT_CONVERSION = YES;
				GCC_WARN_ABOUT_RETURN_TYPE = YES_ERROR;
				GCC_WARN_UNDECLARED_SELECTOR = YES;
				GCC_WARN_UNINITIALIZED_AUTOS = YES_AGGRESSIVE;
				GCC_WARN_UNUSED_FUNCTION = YES;
				GCC_WARN_UNUSED_VARIABLE = YES;
				IPHONEOS_DEPLOYMENT_TARGET = 7.0;
				MTL_ENABLE_DEBUG_INFO = NO;
				SDKROOT = iphoneos;
				VALIDATE_PRODUCT = YES;
			};
			name = Release;
		};
		A7F591E919FC641700D06A40 /* Debug */ = {
			isa = XCBuildConfiguration;
			baseConfigurationReference = 7C813E9C6BC7D08BA058DB83 /* Pods.debug.xcconfig */;
			buildSettings = {
				ASSETCATALOG_COMPILER_APPICON_NAME = AppIcon;
				INFOPLIST_FILE = thisThat/Info.plist;
				IPHONEOS_DEPLOYMENT_TARGET = 7.0;
				LD_RUNPATH_SEARCH_PATHS = "$(inherited) @executable_path/Frameworks";
				OTHER_LDFLAGS = (
					"-l\"Pods-AFNetworking\"",
					"-l\"Pods-RestKit\"",
					"-l\"Pods-SOCKit\"",
					"-l\"Pods-TransitionKit\"",
					"-framework",
					"\"CFNetwork\"",
					"-framework",
					"\"CoreData\"",
					"-framework",
					"\"CoreGraphics\"",
					"-framework",
					"\"MobileCoreServices\"",
					"-framework",
					"\"Security\"",
					"-framework",
					"\"SystemConfiguration\"",
					"-ObjC",
				);
				PRODUCT_NAME = "$(TARGET_NAME)";
			};
			name = Debug;
		};
		A7F591EA19FC641700D06A40 /* Release */ = {
			isa = XCBuildConfiguration;
			baseConfigurationReference = 46E891755A1102CEBC93AC3D /* Pods.release.xcconfig */;
			buildSettings = {
				ASSETCATALOG_COMPILER_APPICON_NAME = AppIcon;
				INFOPLIST_FILE = thisThat/Info.plist;
				IPHONEOS_DEPLOYMENT_TARGET = 7.0;
				LD_RUNPATH_SEARCH_PATHS = "$(inherited) @executable_path/Frameworks";
				OTHER_LDFLAGS = (
					"-l\"Pods-AFNetworking\"",
					"-l\"Pods-RestKit\"",
					"-l\"Pods-SOCKit\"",
					"-l\"Pods-TransitionKit\"",
					"-framework",
					"\"CFNetwork\"",
					"-framework",
					"\"CoreData\"",
					"-framework",
					"\"CoreGraphics\"",
					"-framework",
					"\"MobileCoreServices\"",
					"-framework",
					"\"Security\"",
					"-framework",
					"\"SystemConfiguration\"",
					"-ObjC",
				);
				PRODUCT_NAME = "$(TARGET_NAME)";
			};
			name = Release;
		};
		A7F591EC19FC641700D06A40 /* Debug */ = {
			isa = XCBuildConfiguration;
			buildSettings = {
				BUNDLE_LOADER = "$(TEST_HOST)";
				FRAMEWORK_SEARCH_PATHS = (
					"$(SDKROOT)/Developer/Library/Frameworks",
					"$(inherited)",
				);
				GCC_PREPROCESSOR_DEFINITIONS = (
					"DEBUG=1",
					"$(inherited)",
				);
				INFOPLIST_FILE = thisThatTests/Info.plist;
				LD_RUNPATH_SEARCH_PATHS = "$(inherited) @executable_path/Frameworks @loader_path/Frameworks";
				PRODUCT_NAME = "$(TARGET_NAME)";
				TEST_HOST = "$(BUILT_PRODUCTS_DIR)/thisThat.app/thisThat";
			};
			name = Debug;
		};
		A7F591ED19FC641700D06A40 /* Release */ = {
			isa = XCBuildConfiguration;
			buildSettings = {
				BUNDLE_LOADER = "$(TEST_HOST)";
				FRAMEWORK_SEARCH_PATHS = (
					"$(SDKROOT)/Developer/Library/Frameworks",
					"$(inherited)",
				);
				INFOPLIST_FILE = thisThatTests/Info.plist;
				LD_RUNPATH_SEARCH_PATHS = "$(inherited) @executable_path/Frameworks @loader_path/Frameworks";
				PRODUCT_NAME = "$(TARGET_NAME)";
				TEST_HOST = "$(BUILT_PRODUCTS_DIR)/thisThat.app/thisThat";
			};
			name = Release;
		};
/* End XCBuildConfiguration section */

/* Begin XCConfigurationList section */
		A7F591C019FC641600D06A40 /* Build configuration list for PBXProject "thisThat" */ = {
			isa = XCConfigurationList;
			buildConfigurations = (
				A7F591E619FC641700D06A40 /* Debug */,
				A7F591E719FC641700D06A40 /* Release */,
			);
			defaultConfigurationIsVisible = 0;
			defaultConfigurationName = Release;
		};
		A7F591E819FC641700D06A40 /* Build configuration list for PBXNativeTarget "thisThat" */ = {
			isa = XCConfigurationList;
			buildConfigurations = (
				A7F591E919FC641700D06A40 /* Debug */,
				A7F591EA19FC641700D06A40 /* Release */,
			);
			defaultConfigurationIsVisible = 0;
			defaultConfigurationName = Release;
		};
		A7F591EB19FC641700D06A40 /* Build configuration list for PBXNativeTarget "thisThatTests" */ = {
			isa = XCConfigurationList;
			buildConfigurations = (
				A7F591EC19FC641700D06A40 /* Debug */,
				A7F591ED19FC641700D06A40 /* Release */,
			);
			defaultConfigurationIsVisible = 0;
			defaultConfigurationName = Release;
		};
/* End XCConfigurationList section */
	};
	rootObject = A7F591BD19FC641600D06A40 /* Project object */;
}
